
Microsoft Visual Studio Solution File, Format Version 12.00
# Visual Studio Version 16
VisualStudioVersion = 16.0.30330.147
MinimumVisualStudioVersion = 10.0.40219.1
Project("{FAE04EC0-301F-11D3-BF4B-00C04F79EFBC}") = "Entidades", "TP1\Entidades.csproj", "{47D2E877-4CBB-495A-A1AB-7B56A4DA6D96}"
EndProject
Project("{FAE04EC0-301F-11D3-BF4B-00C04F79EFBC}") = "MiCalculadora", "MiCalculadora\MiCalculadora.csproj", "{4F4F835B-A324-4C87-9B61-4B853CB7E1D9}"
EndProject
Global
	GlobalSection(SolutionConfigurationPlatforms) = preSolution
		Debug|Any CPU = Debug|Any CPU
		Release|Any CPU = Release|Any CPU
	EndGlobalSection
	GlobalSection(ProjectConfigurationPlatforms) = postSolution
		{47D2E877-4CBB-495A-A1AB-7B56A4DA6D96}.Debug|Any CPU.ActiveCfg = Debug|Any CPU
		{47D2E877-4CBB-495A-A1AB-7B56A4DA6D96}.Debug|Any CPU.Build.0 = Debug|Any CPU
		{47D2E877-4CBB-495A-A1AB-7B56A4DA6D96}.Release|Any CPU.ActiveCfg = Release|Any CPU
		{47D2E877-4CBB-495A-A1AB-7B56A4DA6D96}.Release|Any CPU.Build.0 = Release|Any CPU
		{4F4F835B-A324-4C87-9B61-4B853CB7E1D9}.Debug|Any CPU.ActiveCfg = Debug|Any CPU
		{4F4F835B-A324-4C87-9B61-4B853CB7E1D9}.Debug|Any CPU.Build.0 = Debug|Any CPU
		{4F4F835B-A324-4C87-9B61-4B853CB7E1D9}.Release|Any CPU.ActiveCfg = Release|Any CPU
		{4F4F835B-A324-4C87-9B61-4B853CB7E1D9}.Release|Any CPU.Build.0 = Release|Any CPU
	EndGlobalSection
	GlobalSection(SolutionProperties) = preSolution
		HideSolutionNode = FALSE
	EndGlobalSection
	GlobalSection(ExtensibilityGlobals) = postSolution
		SolutionGuid = {75F2DCCF-8F31-4977-8495-DCE3D5CC016D}
	EndGlobalSection
EndGlobal
